
Microsoft Visual Studio Solution File, Format Version 12.00
# Visual Studio 15
VisualStudioVersion = 15.0.28010.2041
MinimumVisualStudioVersion = 10.0.40219.1
Project("{FAE04EC0-301F-11D3-BF4B-00C04F79EFBC}") = "BEST3", "BEST3\BEST3.csproj", "{4821D829-A665-4BBE-BC0B-16DB0C0AB45E}"
EndProject
Project("{FAE04EC0-301F-11D3-BF4B-00C04F79EFBC}") = "ProjectMgmtModule", "ProjectMgmtModule\ProjectMgmtModule.csproj", "{D17B74DB-30DF-4B72-9FB5-E9CDF4FBCEC2}"
EndProject
Project("{FAE04EC0-301F-11D3-BF4B-00C04F79EFBC}") = "ParametersMgmtModule", "ParametersMgmtModule\ParametersMgmtModule.csproj", "{48AD014A-0CF4-4B21-BCBF-700E6185D14F}"
EndProject
Global
	GlobalSection(SolutionConfigurationPlatforms) = preSolution
		Debug|Any CPU = Debug|Any CPU
		Release|Any CPU = Release|Any CPU
	EndGlobalSection
	GlobalSection(ProjectConfigurationPlatforms) = postSolution
		{4821D829-A665-4BBE-BC0B-16DB0C0AB45E}.Debug|Any CPU.ActiveCfg = Debug|Any CPU
		{4821D829-A665-4BBE-BC0B-16DB0C0AB45E}.Debug|Any CPU.Build.0 = Debug|Any CPU
		{4821D829-A665-4BBE-BC0B-16DB0C0AB45E}.Release|Any CPU.ActiveCfg = Release|Any CPU
		{4821D829-A665-4BBE-BC0B-16DB0C0AB45E}.Release|Any CPU.Build.0 = Release|Any CPU
		{D17B74DB-30DF-4B72-9FB5-E9CDF4FBCEC2}.Debug|Any CPU.ActiveCfg = Debug|Any CPU
		{D17B74DB-30DF-4B72-9FB5-E9CDF4FBCEC2}.Debug|Any CPU.Build.0 = Debug|Any CPU
		{D17B74DB-30DF-4B72-9FB5-E9CDF4FBCEC2}.Release|Any CPU.ActiveCfg = Release|Any CPU
		{D17B74DB-30DF-4B72-9FB5-E9CDF4FBCEC2}.Release|Any CPU.Build.0 = Release|Any CPU
		{48AD014A-0CF4-4B21-BCBF-700E6185D14F}.Debug|Any CPU.ActiveCfg = Debug|Any CPU
		{48AD014A-0CF4-4B21-BCBF-700E6185D14F}.Debug|Any CPU.Build.0 = Debug|Any CPU
		{48AD014A-0CF4-4B21-BCBF-700E6185D14F}.Release|Any CPU.ActiveCfg = Release|Any CPU
		{48AD014A-0CF4-4B21-BCBF-700E6185D14F}.Release|Any CPU.Build.0 = Release|Any CPU
	EndGlobalSection
	GlobalSection(SolutionProperties) = preSolution
		HideSolutionNode = FALSE
	EndGlobalSection
	GlobalSection(ExtensibilityGlobals) = postSolution
		SolutionGuid = {AC903989-DEE0-469C-8AE8-09E6CB1EDAC8}
	EndGlobalSection
EndGlobal
